
Microsoft Visual Studio Solution File, Format Version 11.00
# Visual Studio 2010
Project("{8BC9CEB8-8B4A-11D0-8D11-00A0C91BC942}") = "jsonsl", "jsonsl.vcxproj", "{CB2336C4-0A15-9B56-C7E7-D256C11399D3}"
EndProject
Project("{8BC9CEB8-8B4A-11D0-8D11-00A0C91BC942}") = "jsonsl-tests", "jsonsl-tests.vcxproj", "{CACD338F-93E5-A2F2-C489-6A911A59AE45}"
	ProjectSection(ProjectDependencies) = postProject
		{CB2336C4-0A15-9B56-C7E7-D256C11399D3} = {CB2336C4-0A15-9B56-C7E7-D256C11399D3}
	EndProjectSection
EndProject
Global
	GlobalSection(SolutionConfigurationPlatforms) = preSolution
		Debug|Win32 = Debug|Win32
		Release|Win32 = Release|Win32
	EndGlobalSection
	GlobalSection(ProjectConfigurationPlatforms) = postSolution
		{CB2336C4-0A15-9B56-C7E7-D256C11399D3}.Debug|Win32.ActiveCfg = Debug|Win32
		{CB2336C4-0A15-9B56-C7E7-D256C11399D3}.Debug|Win32.Build.0 = Debug|Win32
		{CB2336C4-0A15-9B56-C7E7-D256C11399D3}.Release|Win32.ActiveCfg = Release|Win32
		{CB2336C4-0A15-9B56-C7E7-D256C11399D3}.Release|Win32.Build.0 = Release|Win32
		{CACD338F-93E5-A2F2-C489-6A911A59AE45}.Debug|Win32.ActiveCfg = Debug|Win32
		{CACD338F-93E5-A2F2-C489-6A911A59AE45}.Debug|Win32.Build.0 = Debug|Win32
		{CACD338F-93E5-A2F2-C489-6A911A59AE45}.Release|Win32.ActiveCfg = Release|Win32
		{CACD338F-93E5-A2F2-C489-6A911A59AE45}.Release|Win32.Build.0 = Release|Win32
	EndGlobalSection
	GlobalSection(SolutionProperties) = preSolution
		HideSolutionNode = FALSE
	EndGlobalSection
EndGlobal
